
Microsoft Visual Studio Solution File, Format Version 12.00
# Visual Studio 15
VisualStudioVersion = 15.0.27428.2027
MinimumVisualStudioVersion = 10.0.40219.1
Project("{FAE04EC0-301F-11D3-BF4B-00C04F79EFBC}") = "Messanger", "Messanger\Messanger.csproj", "{92AFB2AF-7149-4F71-AC2F-946BFEA30853}"
	ProjectSection(ProjectDependencies) = postProject
		{CD6577B1-3138-4209-A0A2-AC7026EB4696} = {CD6577B1-3138-4209-A0A2-AC7026EB4696}
		{610896E8-34D9-43CB-AFE6-2F4EF53040AF} = {610896E8-34D9-43CB-AFE6-2F4EF53040AF}
	EndProjectSection
EndProject
Project("{FAE04EC0-301F-11D3-BF4B-00C04F79EFBC}") = "AuthService", "AuthService\AuthService.csproj", "{CD6577B1-3138-4209-A0A2-AC7026EB4696}"
EndProject
Project("{FAE04EC0-301F-11D3-BF4B-00C04F79EFBC}") = "DataService", "DataService\DataService.csproj", "{610896E8-34D9-43CB-AFE6-2F4EF53040AF}"
EndProject
Global
	GlobalSection(SolutionConfigurationPlatforms) = preSolution
		Debug|Any CPU = Debug|Any CPU
		Release|Any CPU = Release|Any CPU
	EndGlobalSection
	GlobalSection(ProjectConfigurationPlatforms) = postSolution
		{92AFB2AF-7149-4F71-AC2F-946BFEA30853}.Debug|Any CPU.ActiveCfg = Debug|Any CPU
		{92AFB2AF-7149-4F71-AC2F-946BFEA30853}.Debug|Any CPU.Build.0 = Debug|Any CPU
		{92AFB2AF-7149-4F71-AC2F-946BFEA30853}.Release|Any CPU.ActiveCfg = Release|Any CPU
		{92AFB2AF-7149-4F71-AC2F-946BFEA30853}.Release|Any CPU.Build.0 = Release|Any CPU
		{CD6577B1-3138-4209-A0A2-AC7026EB4696}.Debug|Any CPU.ActiveCfg = Debug|Any CPU
		{CD6577B1-3138-4209-A0A2-AC7026EB4696}.Debug|Any CPU.Build.0 = Debug|Any CPU
		{CD6577B1-3138-4209-A0A2-AC7026EB4696}.Release|Any CPU.ActiveCfg = Release|Any CPU
		{CD6577B1-3138-4209-A0A2-AC7026EB4696}.Release|Any CPU.Build.0 = Release|Any CPU
		{610896E8-34D9-43CB-AFE6-2F4EF53040AF}.Debug|Any CPU.ActiveCfg = Debug|Any CPU
		{610896E8-34D9-43CB-AFE6-2F4EF53040AF}.Debug|Any CPU.Build.0 = Debug|Any CPU
		{610896E8-34D9-43CB-AFE6-2F4EF53040AF}.Release|Any CPU.ActiveCfg = Release|Any CPU
		{610896E8-34D9-43CB-AFE6-2F4EF53040AF}.Release|Any CPU.Build.0 = Release|Any CPU
	EndGlobalSection
	GlobalSection(SolutionProperties) = preSolution
		HideSolutionNode = FALSE
	EndGlobalSection
	GlobalSection(ExtensibilityGlobals) = postSolution
		SolutionGuid = {3AE5CD63-B258-41C0-B9B6-8848DE3E2DB9}
	EndGlobalSection
EndGlobal
